// !$*UTF8*$!
{
	archiveVersion = 1;
	classes = {
	};
	objectVersion = 56;
	objects = {

/* Begin PBXBuildFile section */
		FBC5AD872BE6450C00309492 /* swift_ui_5App.swift in Sources */ = {isa = PBXBuildFile; fileRef = FBC5AD862BE6450C00309492 /* swift_ui_5App.swift */; };
		FBC5AD892BE6450C00309492 /* ContentView.swift in Sources */ = {isa = PBXBuildFile; fileRef = FBC5AD882BE6450C00309492 /* ContentView.swift */; };
		FBC5AD8B2BE6451200309492 /* Assets.xcassets in Resources */ = {isa = PBXBuildFile; fileRef = FBC5AD8A2BE6451200309492 /* Assets.xcassets */; };
		FBC5AD8E2BE6451200309492 /* Preview Assets.xcassets in Resources */ = {isa = PBXBuildFile; fileRef = FBC5AD8D2BE6451200309492 /* Preview Assets.xcassets */; };
		FBC5AD982BE6451200309492 /* swift_ui_5Tests.swift in Sources */ = {isa = PBXBuildFile; fileRef = FBC5AD972BE6451200309492 /* swift_ui_5Tests.swift */; };
		FBC5ADA22BE6451200309492 /* swift_ui_5UITests.swift in Sources */ = {isa = PBXBuildFile; fileRef = FBC5ADA12BE6451200309492 /* swift_ui_5UITests.swift */; };
		FBC5ADA42BE6451200309492 /* swift_ui_5UITestsLaunchTests.swift in Sources */ = {isa = PBXBuildFile; fileRef = FBC5ADA32BE6451200309492 /* swift_ui_5UITestsLaunchTests.swift */; };
		FBC5ADB12BE64CB600309492 /* verka-serdjuchka-vse-budet-khorosho.mp3 in Resources */ = {isa = PBXBuildFile; fileRef = FBC5ADB02BE64CB600309492 /* verka-serdjuchka-vse-budet-khorosho.mp3 */; };
/* End PBXBuildFile section */

/* Begin PBXContainerItemProxy section */
		FBC5AD942BE6451200309492 /* PBXContainerItemProxy */ = {
			isa = PBXContainerItemProxy;
			containerPortal = FBC5AD7B2BE6450C00309492 /* Project object */;
			proxyType = 1;
			remoteGlobalIDString = FBC5AD822BE6450C00309492;
			remoteInfo = "swift ui 5";
		};
		FBC5AD9E2BE6451200309492 /* PBXContainerItemProxy */ = {
			isa = PBXContainerItemProxy;
			containerPortal = FBC5AD7B2BE6450C00309492 /* Project object */;
			proxyType = 1;
			remoteGlobalIDString = FBC5AD822BE6450C00309492;
			remoteInfo = "swift ui 5";
		};
/* End PBXContainerItemProxy section */

/* Begin PBXFileReference section */
		FBC5AD832BE6450C00309492 /* swift ui 5.app */ = {isa = PBXFileReference; explicitFileType = wrapper.application; includeInIndex = 0; path = "swift ui 5.app"; sourceTree = BUILT_PRODUCTS_DIR; };
		FBC5AD862BE6450C00309492 /* swift_ui_5App.swift */ = {isa = PBXFileReference; lastKnownFileType = sourcecode.swift; path = swift_ui_5App.swift; sourceTree = "<group>"; };
		FBC5AD882BE6450C00309492 /* ContentView.swift */ = {isa = PBXFileReference; lastKnownFileType = sourcecode.swift; path = ContentView.swift; sourceTree = "<group>"; };
		FBC5AD8A2BE6451200309492 /* Assets.xcassets */ = {isa = PBXFileReference; lastKnownFileType = folder.assetcatalog; path = Assets.xcassets; sourceTree = "<group>"; };
		FBC5AD8D2BE6451200309492 /* Preview Assets.xcassets */ = {isa = PBXFileReference; lastKnownFileType = folder.assetcatalog; path = "Preview Assets.xcassets"; sourceTree = "<group>"; };
		FBC5AD932BE6451200309492 /* swift ui 5Tests.xctest */ = {isa = PBXFileReference; explicitFileType = wrapper.cfbundle; includeInIndex = 0; path = "swift ui 5Tests.xctest"; sourceTree = BUILT_PRODUCTS_DIR; };
		FBC5AD972BE6451200309492 /* swift_ui_5Tests.swift */ = {isa = PBXFileReference; lastKnownFileType = sourcecode.swift; path = swift_ui_5Tests.swift; sourceTree = "<group>"; };
		FBC5AD9D2BE6451200309492 /* swift ui 5UITests.xctest */ = {isa = PBXFileReference; explicitFileType = wrapper.cfbundle; includeInIndex = 0; path = "swift ui 5UITests.xctest"; sourceTree = BUILT_PRODUCTS_DIR; };
		FBC5ADA12BE6451200309492 /* swift_ui_5UITests.swift */ = {isa = PBXFileReference; lastKnownFileType = sourcecode.swift; path = swift_ui_5UITests.swift; sourceTree = "<group>"; };
		FBC5ADA32BE6451200309492 /* swift_ui_5UITestsLaunchTests.swift */ = {isa = PBXFileReference; lastKnownFileType = sourcecode.swift; path = swift_ui_5UITestsLaunchTests.swift; sourceTree = "<group>"; };
		FBC5ADB02BE64CB600309492 /* verka-serdjuchka-vse-budet-khorosho.mp3 */ = {isa = PBXFileReference; lastKnownFileType = audio.mp3; name = "verka-serdjuchka-vse-budet-khorosho.mp3"; path = "../../../../Downloads/verka-serdjuchka-vse-budet-khorosho.mp3"; sourceTree = "<group>"; };
/* End PBXFileReference section */

/* Begin PBXFrameworksBuildPhase section */
		FBC5AD802BE6450C00309492 /* Frameworks */ = {
			isa = PBXFrameworksBuildPhase;
			buildActionMask = 2147483647;
			files = (
			);
			runOnlyForDeploymentPostprocessing = 0;
		};
		FBC5AD902BE6451200309492 /* Frameworks */ = {
			isa = PBXFrameworksBuildPhase;
			buildActionMask = 2147483647;
			files = (
			);
			runOnlyForDeploymentPostprocessing = 0;
		};
		FBC5AD9A2BE6451200309492 /* Frameworks */ = {
			isa = PBXFrameworksBuildPhase;
			buildActionMask = 2147483647;
			files = (
			);
			runOnlyForDeploymentPostprocessing = 0;
		};
/* End PBXFrameworksBuildPhase section */

/* Begin PBXGroup section */
		FBC5AD7A2BE6450C00309492 = {
			isa = PBXGroup;
			children = (
				FBC5AD852BE6450C00309492 /* swift ui 5 */,
				FBC5AD962BE6451200309492 /* swift ui 5Tests */,
				FBC5ADA02BE6451200309492 /* swift ui 5UITests */,
				FBC5AD842BE6450C00309492 /* Products */,
			);
			sourceTree = "<group>";
		};
		FBC5AD842BE6450C00309492 /* Products */ = {
			isa = PBXGroup;
			children = (
				FBC5AD832BE6450C00309492 /* swift ui 5.app */,
				FBC5AD932BE6451200309492 /* swift ui 5Tests.xctest */,
				FBC5AD9D2BE6451200309492 /* swift ui 5UITests.xctest */,
			);
			name = Products;
			sourceTree = "<group>";
		};
		FBC5AD852BE6450C00309492 /* swift ui 5 */ = {
			isa = PBXGroup;
			children = (
				FBC5AD862BE6450C00309492 /* swift_ui_5App.swift */,
				FBC5AD882BE6450C00309492 /* ContentView.swift */,
				FBC5AD8A2BE6451200309492 /* Assets.xcassets */,
				FBC5ADB02BE64CB600309492 /* verka-serdjuchka-vse-budet-khorosho.mp3 */,
				FBC5AD8C2BE6451200309492 /* Preview Content */,
			);
			path = "swift ui 5";
			sourceTree = "<group>";
		};
		FBC5AD8C2BE6451200309492 /* Preview Content */ = {
			isa = PBXGroup;
			children = (
				FBC5AD8D2BE6451200309492 /* Preview Assets.xcassets */,
			);
			path = "Preview Content";
			sourceTree = "<group>";
		};
		FBC5AD962BE6451200309492 /* swift ui 5Tests */ = {
			isa = PBXGroup;
			children = (
				FBC5AD972BE6451200309492 /* swift_ui_5Tests.swift */,
			);
			path = "swift ui 5Tests";
			sourceTree = "<group>";
		};
		FBC5ADA02BE6451200309492 /* swift ui 5UITests */ = {
			isa = PBXGroup;
			children = (
				FBC5ADA12BE6451200309492 /* swift_ui_5UITests.swift */,
				FBC5ADA32BE6451200309492 /* swift_ui_5UITestsLaunchTests.swift */,
			);
			path = "swift ui 5UITests";
			sourceTree = "<group>";
		};
/* End PBXGroup section */

/* Begin PBXNativeTarget section */
		FBC5AD822BE6450C00309492 /* swift ui 5 */ = {
			isa = PBXNativeTarget;
			buildConfigurationList = FBC5ADA72BE6451300309492 /* Build configuration list for PBXNativeTarget "swift ui 5" */;
			buildPhases = (
				FBC5AD7F2BE6450C00309492 /* Sources */,
				FBC5AD802BE6450C00309492 /* Frameworks */,
				FBC5AD812BE6450C00309492 /* Resources */,
			);
			buildRules = (
			);
			dependencies = (
			);
			name = "swift ui 5";
			productName = "swift ui 5";
			productReference = FBC5AD832BE6450C00309492 /* swift ui 5.app */;
			productType = "com.apple.product-type.application";
		};
		FBC5AD922BE6451200309492 /* swift ui 5Tests */ = {
			isa = PBXNativeTarget;
			buildConfigurationList = FBC5ADAA2BE6451300309492 /* Build configuration list for PBXNativeTarget "swift ui 5Tests" */;
			buildPhases = (
				FBC5AD8F2BE6451200309492 /* Sources */,
				FBC5AD902BE6451200309492 /* Frameworks */,
				FBC5AD912BE6451200309492 /* Resources */,
			);
			buildRules = (
			);
			dependencies = (
				FBC5AD952BE6451200309492 /* PBXTargetDependency */,
			);
			name = "swift ui 5Tests";
			productName = "swift ui 5Tests";
			productReference = FBC5AD932BE6451200309492 /* swift ui 5Tests.xctest */;
			productType = "com.apple.product-type.bundle.unit-test";
		};
		FBC5AD9C2BE6451200309492 /* swift ui 5UITests */ = {
			isa = PBXNativeTarget;
			buildConfigurationList = FBC5ADAD2BE6451300309492 /* Build configuration list for PBXNativeTarget "swift ui 5UITests" */;
			buildPhases = (
				FBC5AD992BE6451200309492 /* Sources */,
				FBC5AD9A2BE6451200309492 /* Frameworks */,
				FBC5AD9B2BE6451200309492 /* Resources */,
			);
			buildRules = (
			);
			dependencies = (
				FBC5AD9F2BE6451200309492 /* PBXTargetDependency */,
			);
			name = "swift ui 5UITests";
			productName = "swift ui 5UITests";
			productReference = FBC5AD9D2BE6451200309492 /* swift ui 5UITests.xctest */;
			productType = "com.apple.product-type.bundle.ui-testing";
		};
/* End PBXNativeTarget section */

/* Begin PBXProject section */
		FBC5AD7B2BE6450C00309492 /* Project object */ = {
			isa = PBXProject;
			attributes = {
				BuildIndependentTargetsInParallel = 1;
				LastSwiftUpdateCheck = 1520;
				LastUpgradeCheck = 1520;
				TargetAttributes = {
					FBC5AD822BE6450C00309492 = {
						CreatedOnToolsVersion = 15.2;
					};
					FBC5AD922BE6451200309492 = {
						CreatedOnToolsVersion = 15.2;
						TestTargetID = FBC5AD822BE6450C00309492;
					};
					FBC5AD9C2BE6451200309492 = {
						CreatedOnToolsVersion = 15.2;
						TestTargetID = FBC5AD822BE6450C00309492;
					};
				};
			};
			buildConfigurationList = FBC5AD7E2BE6450C00309492 /* Build configuration list for PBXProject "swift ui 5" */;
			compatibilityVersion = "Xcode 14.0";
			developmentRegion = en;
			hasScannedForEncodings = 0;
			knownRegions = (
				en,
				Base,
			);
			mainGroup = FBC5AD7A2BE6450C00309492;
			productRefGroup = FBC5AD842BE6450C00309492 /* Products */;
			projectDirPath = "";
			projectRoot = "";
			targets = (
				FBC5AD822BE6450C00309492 /* swift ui 5 */,
				FBC5AD922BE6451200309492 /* swift ui 5Tests */,
				FBC5AD9C2BE6451200309492 /* swift ui 5UITests */,
			);
		};
/* End PBXProject section */

/* Begin PBXResourcesBuildPhase section */
		FBC5AD812BE6450C00309492 /* Resources */ = {
			isa = PBXResourcesBuildPhase;
			buildActionMask = 2147483647;
			files = (
				FBC5AD8E2BE6451200309492 /* Preview Assets.xcassets in Resources */,
				FBC5ADB12BE64CB600309492 /* verka-serdjuchka-vse-budet-khorosho.mp3 in Resources */,
				FBC5AD8B2BE6451200309492 /* Assets.xcassets in Resources */,
			);
			runOnlyForDeploymentPostprocessing = 0;
		};
		FBC5AD912BE6451200309492 /* Resources */ = {
			isa = PBXResourcesBuildPhase;
			buildActionMask = 2147483647;
			files = (
			);
			runOnlyForDeploymentPostprocessing = 0;
		};
		FBC5AD9B2BE6451200309492 /* Resources */ = {
			isa = PBXResourcesBuildPhase;
			buildActionMask = 2147483647;
			files = (
			);
			runOnlyForDeploymentPostprocessing = 0;
		};
/* End PBXResourcesBuildPhase section */

/* Begin PBXSourcesBuildPhase section */
		FBC5AD7F2BE6450C00309492 /* Sources */ = {
			isa = PBXSourcesBuildPhase;
			buildActionMask = 2147483647;
			files = (
				FBC5AD892BE6450C00309492 /* ContentView.swift in Sources */,
				FBC5AD872BE6450C00309492 /* swift_ui_5App.swift in Sources */,
			);
			runOnlyForDeploymentPostprocessing = 0;
		};
		FBC5AD8F2BE6451200309492 /* Sources */ = {
			isa = PBXSourcesBuildPhase;
			buildActionMask = 2147483647;
			files = (
				FBC5AD982BE6451200309492 /* swift_ui_5Tests.swift in Sources */,
			);
			runOnlyForDeploymentPostprocessing = 0;
		};
		FBC5AD992BE6451200309492 /* Sources */ = {
			isa = PBXSourcesBuildPhase;
			buildActionMask = 2147483647;
			files = (
				FBC5ADA42BE6451200309492 /* swift_ui_5UITestsLaunchTests.swift in Sources */,
				FBC5ADA22BE6451200309492 /* swift_ui_5UITests.swift in Sources */,
			);
			runOnlyForDeploymentPostprocessing = 0;
		};
/* End PBXSourcesBuildPhase section */

/* Begin PBXTargetDependency section */
		FBC5AD952BE6451200309492 /* PBXTargetDependency */ = {
			isa = PBXTargetDependency;
			target = FBC5AD822BE6450C00309492 /* swift ui 5 */;
			targetProxy = FBC5AD942BE6451200309492 /* PBXContainerItemProxy */;
		};
		FBC5AD9F2BE6451200309492 /* PBXTargetDependency */ = {
			isa = PBXTargetDependency;
			target = FBC5AD822BE6450C00309492 /* swift ui 5 */;
			targetProxy = FBC5AD9E2BE6451200309492 /* PBXContainerItemProxy */;
		};
/* End PBXTargetDependency section */

/* Begin XCBuildConfiguration section */
		FBC5ADA52BE6451300309492 /* Debug */ = {
			isa = XCBuildConfiguration;
			buildSettings = {
				ALWAYS_SEARCH_USER_PATHS = NO;
				ASSETCATALOG_COMPILER_GENERATE_SWIFT_ASSET_SYMBOL_EXTENSIONS = YES;
				CLANG_ANALYZER_NONNULL = YES;
				CLANG_ANALYZER_NUMBER_OBJECT_CONVERSION = YES_AGGRESSIVE;
				CLANG_CXX_LANGUAGE_STANDARD = "gnu++20";
				CLANG_ENABLE_MODULES = YES;
				CLANG_ENABLE_OBJC_ARC = YES;
				CLANG_ENABLE_OBJC_WEAK = YES;
				CLANG_WARN_BLOCK_CAPTURE_AUTORELEASING = YES;
				CLANG_WARN_BOOL_CONVERSION = YES;
				CLANG_WARN_COMMA = YES;
				CLANG_WARN_CONSTANT_CONVERSION = YES;
				CLANG_WARN_DEPRECATED_OBJC_IMPLEMENTATIONS = YES;
				CLANG_WARN_DIRECT_OBJC_ISA_USAGE = YES_ERROR;
				CLANG_WARN_DOCUMENTATION_COMMENTS = YES;
				CLANG_WARN_EMPTY_BODY = YES;
				CLANG_WARN_ENUM_CONVERSION = YES;
				CLANG_WARN_INFINITE_RECURSION = YES;
				CLANG_WARN_INT_CONVERSION = YES;
				CLANG_WARN_NON_LITERAL_NULL_CONVERSION = YES;
				CLANG_WARN_OBJC_IMPLICIT_RETAIN_SELF = YES;
				CLANG_WARN_OBJC_LITERAL_CONVERSION = YES;
				CLANG_WARN_OBJC_ROOT_CLASS = YES_ERROR;
				CLANG_WARN_QUOTED_INCLUDE_IN_FRAMEWORK_HEADER = YES;
				CLANG_WARN_RANGE_LOOP_ANALYSIS = YES;
				CLANG_WARN_STRICT_PROTOTYPES = YES;
				CLANG_WARN_SUSPICIOUS_MOVE = YES;
				CLANG_WARN_UNGUARDED_AVAILABILITY = YES_AGGRESSIVE;
				CLANG_WARN_UNREACHABLE_CODE = YES;
				CLANG_WARN__DUPLICATE_METHOD_MATCH = YES;
				COPY_PHASE_STRIP = NO;
				DEBUG_INFORMATION_FORMAT = dwarf;
				ENABLE_STRICT_OBJC_MSGSEND = YES;
				ENABLE_TESTABILITY = YES;
				ENABLE_USER_SCRIPT_SANDBOXING = YES;
				GCC_C_LANGUAGE_STANDARD = gnu17;
				GCC_DYNAMIC_NO_PIC = NO;
				GCC_NO_COMMON_BLOCKS = YES;
				GCC_OPTIMIZATION_LEVEL = 0;
				GCC_PREPROCESSOR_DEFINITIONS = (
					"DEBUG=1",
					"$(inherited)",
				);
				GCC_WARN_64_TO_32_BIT_CONVERSION = YES;
				GCC_WARN_ABOUT_RETURN_TYPE = YES_ERROR;
				GCC_WARN_UNDECLARED_SELECTOR = YES;
				GCC_WARN_UNINITIALIZED_AUTOS = YES_AGGRESSIVE;
				GCC_WARN_UNUSED_FUNCTION = YES;
				GCC_WARN_UNUSED_VARIABLE = YES;
				IPHONEOS_DEPLOYMENT_TARGET = 17.2;
				LOCALIZATION_PREFERS_STRING_CATALOGS = YES;
				MTL_ENABLE_DEBUG_INFO = INCLUDE_SOURCE;
				MTL_FAST_MATH = YES;
				ONLY_ACTIVE_ARCH = YES;
				SDKROOT = iphoneos;
				SWIFT_ACTIVE_COMPILATION_CONDITIONS = "DEBUG $(inherited)";
				SWIFT_OPTIMIZATION_LEVEL = "-Onone";
			};
			name = Debug;
		};
		FBC5ADA62BE6451300309492 /* Release */ = {
			isa = XCBuildConfiguration;
			buildSettings = {
				ALWAYS_SEARCH_USER_PATHS = NO;
				ASSETCATALOG_COMPILER_GENERATE_SWIFT_ASSET_SYMBOL_EXTENSIONS = YES;
				CLANG_ANALYZER_NONNULL = YES;
				CLANG_ANALYZER_NUMBER_OBJECT_CONVERSION = YES_AGGRESSIVE;
				CLANG_CXX_LANGUAGE_STANDARD = "gnu++20";
				CLANG_ENABLE_MODULES = YES;
				CLANG_ENABLE_OBJC_ARC = YES;
				CLANG_ENABLE_OBJC_WEAK = YES;
				CLANG_WARN_BLOCK_CAPTURE_AUTORELEASING = YES;
				CLANG_WARN_BOOL_CONVERSION = YES;
				CLANG_WARN_COMMA = YES;
				CLANG_WARN_CONSTANT_CONVERSION = YES;
				CLANG_WARN_DEPRECATED_OBJC_IMPLEMENTATIONS = YES;
				CLANG_WARN_DIRECT_OBJC_ISA_USAGE = YES_ERROR;
				CLANG_WARN_DOCUMENTATION_COMMENTS = YES;
				CLANG_WARN_EMPTY_BODY = YES;
				CLANG_WARN_ENUM_CONVERSION = YES;
				CLANG_WARN_INFINITE_RECURSION = YES;
				CLANG_WARN_INT_CONVERSION = YES;
				CLANG_WARN_NON_LITERAL_NULL_CONVERSION = YES;
				CLANG_WARN_OBJC_IMPLICIT_RETAIN_SELF = YES;
				CLANG_WARN_OBJC_LITERAL_CONVERSION = YES;
				CLANG_WARN_OBJC_ROOT_CLASS = YES_ERROR;
				CLANG_WARN_QUOTED_INCLUDE_IN_FRAMEWORK_HEADER = YES;
				CLANG_WARN_RANGE_LOOP_ANALYSIS = YES;
				CLANG_WARN_STRICT_PROTOTYPES = YES;
				CLANG_WARN_SUSPICIOUS_MOVE = YES;
				CLANG_WARN_UNGUARDED_AVAILABILITY = YES_AGGRESSIVE;
				CLANG_WARN_UNREACHABLE_CODE = YES;
				CLANG_WARN__DUPLICATE_METHOD_MATCH = YES;
				COPY_PHASE_STRIP = NO;
				DEBUG_INFORMATION_FORMAT = "dwarf-with-dsym";
				ENABLE_NS_ASSERTIONS = NO;
				ENABLE_STRICT_OBJC_MSGSEND = YES;
				ENABLE_USER_SCRIPT_SANDBOXING = YES;
				GCC_C_LANGUAGE_STANDARD = gnu17;
				GCC_NO_COMMON_BLOCKS = YES;
				GCC_WARN_64_TO_32_BIT_CONVERSION = YES;
				GCC_WARN_ABOUT_RETURN_TYPE = YES_ERROR;
				GCC_WARN_UNDECLARED_SELECTOR = YES;
				GCC_WARN_UNINITIALIZED_AUTOS = YES_AGGRESSIVE;
				GCC_WARN_UNUSED_FUNCTION = YES;
				GCC_WARN_UNUSED_VARIABLE = YES;
				IPHONEOS_DEPLOYMENT_TARGET = 17.2;
				LOCALIZATION_PREFERS_STRING_CATALOGS = YES;
				MTL_ENABLE_DEBUG_INFO = NO;
				MTL_FAST_MATH = YES;
				SDKROOT = iphoneos;
				SWIFT_COMPILATION_MODE = wholemodule;
				VALIDATE_PRODUCT = YES;
			};
			name = Release;
		};
		FBC5ADA82BE6451300309492 /* Debug */ = {
			isa = XCBuildConfiguration;
			buildSettings = {
				ASSETCATALOG_COMPILER_APPICON_NAME = AppIcon;
				ASSETCATALOG_COMPILER_GLOBAL_ACCENT_COLOR_NAME = AccentColor;
				CODE_SIGN_STYLE = Automatic;
				CURRENT_PROJECT_VERSION = 1;
				DEVELOPMENT_ASSET_PATHS = "\"swift ui 5/Preview Content\"";
				DEVELOPMENT_TEAM = 5QBUTFAAPM;
				ENABLE_PREVIEWS = YES;
				GENERATE_INFOPLIST_FILE = YES;
				INFOPLIST_KEY_UIApplicationSceneManifest_Generation = YES;
				INFOPLIST_KEY_UIApplicationSupportsIndirectInputEvents = YES;
				INFOPLIST_KEY_UILaunchScreen_Generation = YES;
				INFOPLIST_KEY_UISupportedInterfaceOrientations_iPad = "UIInterfaceOrientationPortrait UIInterfaceOrientationPortraitUpsideDown UIInterfaceOrientationLandscapeLeft UIInterfaceOrientationLandscapeRight";
				INFOPLIST_KEY_UISupportedInterfaceOrientations_iPhone = "UIInterfaceOrientationPortrait UIInterfaceOrientationLandscapeLeft UIInterfaceOrientationLandscapeRight";
				LD_RUNPATH_SEARCH_PATHS = (
					"$(inherited)",
					"@executable_path/Frameworks",
				);
				MARKETING_VERSION = 1.0;
				PRODUCT_BUNDLE_IDENTIFIER = "com.kozlov.swift-ui-5";
				PRODUCT_NAME = "$(TARGET_NAME)";
				SWIFT_EMIT_LOC_STRINGS = YES;
				SWIFT_VERSION = 5.0;
				TARGETED_DEVICE_FAMILY = "1,2";
			};
			name = Debug;
		};
		FBC5ADA92BE6451300309492 /* Release */ = {
			isa = XCBuildConfiguration;
			buildSettings = {
				ASSETCATALOG_COMPILER_APPICON_NAME = AppIcon;
				ASSETCATALOG_COMPILER_GLOBAL_ACCENT_COLOR_NAME = AccentColor;
				CODE_SIGN_STYLE = Automatic;
				CURRENT_PROJECT_VERSION = 1;
				DEVELOPMENT_ASSET_PATHS = "\"swift ui 5/Preview Content\"";
				DEVELOPMENT_TEAM = 5QBUTFAAPM;
				ENABLE_PREVIEWS = YES;
				GENERATE_INFOPLIST_FILE = YES;
				INFOPLIST_KEY_UIApplicationSceneManifest_Generation = YES;
				INFOPLIST_KEY_UIApplicationSupportsIndirectInputEvents = YES;
				INFOPLIST_KEY_UILaunchScreen_Generation = YES;
				INFOPLIST_KEY_UISupportedInterfaceOrientations_iPad = "UIInterfaceOrientationPortrait UIInterfaceOrientationPortraitUpsideDown UIInterfaceOrientationLandscapeLeft UIInterfaceOrientationLandscapeRight";
				INFOPLIST_KEY_UISupportedInterfaceOrientations_iPhone = "UIInterfaceOrientationPortrait UIInterfaceOrientationLandscapeLeft UIInterfaceOrientationLandscapeRight";
				LD_RUNPATH_SEARCH_PATHS = (
					"$(inherited)",
					"@executable_path/Frameworks",
				);
				MARKETING_VERSION = 1.0;
				PRODUCT_BUNDLE_IDENTIFIER = "com.kozlov.swift-ui-5";
				PRODUCT_NAME = "$(TARGET_NAME)";
				SWIFT_EMIT_LOC_STRINGS = YES;
				SWIFT_VERSION = 5.0;
				TARGETED_DEVICE_FAMILY = "1,2";
			};
			name = Release;
		};
		FBC5ADAB2BE6451300309492 /* Debug */ = {
			isa = XCBuildConfiguration;
			buildSettings = {
				ALWAYS_EMBED_SWIFT_STANDARD_LIBRARIES = YES;
				BUNDLE_LOADER = "$(TEST_HOST)";
				CODE_SIGN_STYLE = Automatic;
				CURRENT_PROJECT_VERSION = 1;
				DEVELOPMENT_TEAM = 5QBUTFAAPM;
				GENERATE_INFOPLIST_FILE = YES;
				IPHONEOS_DEPLOYMENT_TARGET = 17.2;
				MARKETING_VERSION = 1.0;
				PRODUCT_BUNDLE_IDENTIFIER = "com.kozlov.swift-ui-5Tests";
				PRODUCT_NAME = "$(TARGET_NAME)";
				SWIFT_EMIT_LOC_STRINGS = NO;
				SWIFT_VERSION = 5.0;
				TARGETED_DEVICE_FAMILY = "1,2";
				TEST_HOST = "$(BUILT_PRODUCTS_DIR)/swift ui 5.app/$(BUNDLE_EXECUTABLE_FOLDER_PATH)/swift ui 5";
			};
			name = Debug;
		};
		FBC5ADAC2BE6451300309492 /* Release */ = {
			isa = XCBuildConfiguration;
			buildSettings = {
				ALWAYS_EMBED_SWIFT_STANDARD_LIBRARIES = YES;
				BUNDLE_LOADER = "$(TEST_HOST)";
				CODE_SIGN_STYLE = Automatic;
				CURRENT_PROJECT_VERSION = 1;
				DEVELOPMENT_TEAM = 5QBUTFAAPM;
				GENERATE_INFOPLIST_FILE = YES;
				IPHONEOS_DEPLOYMENT_TARGET = 17.2;
				MARKETING_VERSION = 1.0;
				PRODUCT_BUNDLE_IDENTIFIER = "com.kozlov.swift-ui-5Tests";
				PRODUCT_NAME = "$(TARGET_NAME)";
				SWIFT_EMIT_LOC_STRINGS = NO;
				SWIFT_VERSION = 5.0;
				TARGETED_DEVICE_FAMILY = "1,2";
				TEST_HOST = "$(BUILT_PRODUCTS_DIR)/swift ui 5.app/$(BUNDLE_EXECUTABLE_FOLDER_PATH)/swift ui 5";
			};
			name = Release;
		};
		FBC5ADAE2BE6451300309492 /* Debug */ = {
			isa = XCBuildConfiguration;
			buildSettings = {
				ALWAYS_EMBED_SWIFT_STANDARD_LIBRARIES = YES;
				CODE_SIGN_STYLE = Automatic;
				CURRENT_PROJECT_VERSION = 1;
				DEVELOPMENT_TEAM = 5QBUTFAAPM;
				GENERATE_INFOPLIST_FILE = YES;
				MARKETING_VERSION = 1.0;
				PRODUCT_BUNDLE_IDENTIFIER = "com.kozlov.swift-ui-5UITests";
				PRODUCT_NAME = "$(TARGET_NAME)";
				SWIFT_EMIT_LOC_STRINGS = NO;
				SWIFT_VERSION = 5.0;
				TARGETED_DEVICE_FAMILY = "1,2";
				TEST_TARGET_NAME = "swift ui 5";
			};
			name = Debug;
		};
		FBC5ADAF2BE6451300309492 /* Release */ = {
			isa = XCBuildConfiguration;
			buildSettings = {
				ALWAYS_EMBED_SWIFT_STANDARD_LIBRARIES = YES;
				CODE_SIGN_STYLE = Automatic;
				CURRENT_PROJECT_VERSION = 1;
				DEVELOPMENT_TEAM = 5QBUTFAAPM;
				GENERATE_INFOPLIST_FILE = YES;
				MARKETING_VERSION = 1.0;
				PRODUCT_BUNDLE_IDENTIFIER = "com.kozlov.swift-ui-5UITests";
				PRODUCT_NAME = "$(TARGET_NAME)";
				SWIFT_EMIT_LOC_STRINGS = NO;
				SWIFT_VERSION = 5.0;
				TARGETED_DEVICE_FAMILY = "1,2";
				TEST_TARGET_NAME = "swift ui 5";
			};
			name = Release;
		};
/* End XCBuildConfiguration section */

/* Begin XCConfigurationList section */
		FBC5AD7E2BE6450C00309492 /* Build configuration list for PBXProject "swift ui 5" */ = {
			isa = XCConfigurationList;
			buildConfigurations = (
				FBC5ADA52BE6451300309492 /* Debug */,
				FBC5ADA62BE6451300309492 /* Release */,
			);
			defaultConfigurationIsVisible = 0;
			defaultConfigurationName = Release;
		};
		FBC5ADA72BE6451300309492 /* Build configuration list for PBXNativeTarget "swift ui 5" */ = {
			isa = XCConfigurationList;
			buildConfigurations = (
				FBC5ADA82BE6451300309492 /* Debug */,
				FBC5ADA92BE6451300309492 /* Release */,
			);
			defaultConfigurationIsVisible = 0;
			defaultConfigurationName = Release;
		};
		FBC5ADAA2BE6451300309492 /* Build configuration list for PBXNativeTarget "swift ui 5Tests" */ = {
			isa = XCConfigurationList;
			buildConfigurations = (
				FBC5ADAB2BE6451300309492 /* Debug */,
				FBC5ADAC2BE6451300309492 /* Release */,
			);
			defaultConfigurationIsVisible = 0;
			defaultConfigurationName = Release;
		};
		FBC5ADAD2BE6451300309492 /* Build configuration list for PBXNativeTarget "swift ui 5UITests" */ = {
			isa = XCConfigurationList;
			buildConfigurations = (
				FBC5ADAE2BE6451300309492 /* Debug */,
				FBC5ADAF2BE6451300309492 /* Release */,
			);
			defaultConfigurationIsVisible = 0;
			defaultConfigurationName = Release;
		};
/* End XCConfigurationList section */
	};
	rootObject = FBC5AD7B2BE6450C00309492 /* Project object */;
}
